
Microsoft Visual Studio Solution File, Format Version 12.00
# Visual Studio Version 17
VisualStudioVersion = 17.13.35825.156 d17.13
MinimumVisualStudioVersion = 10.0.40219.1
Project("{FAE04EC0-301F-11D3-BF4B-00C04F79EFBC}") = "WinFormsApp3", "WinFormsApp3.csproj", "{FC8AE239-CA78-78F9-61E9-C9B75D354C16}"
EndProject
Global
	GlobalSection(SolutionConfigurationPlatforms) = preSolution
		Debug|Any CPU = Debug|Any CPU
		Release|Any CPU = Release|Any CPU
	EndGlobalSection
	GlobalSection(ProjectConfigurationPlatforms) = postSolution
		{FC8AE239-CA78-78F9-61E9-C9B75D354C16}.Debug|Any CPU.ActiveCfg = Debug|Any CPU
		{FC8AE239-CA78-78F9-61E9-C9B75D354C16}.Debug|Any CPU.Build.0 = Debug|Any CPU
		{FC8AE239-CA78-78F9-61E9-C9B75D354C16}.Release|Any CPU.ActiveCfg = Release|Any CPU
		{FC8AE239-CA78-78F9-61E9-C9B75D354C16}.Release|Any CPU.Build.0 = Release|Any CPU
	EndGlobalSection
	GlobalSection(SolutionProperties) = preSolution
		HideSolutionNode = FALSE
	EndGlobalSection
	GlobalSection(ExtensibilityGlobals) = postSolution
		SolutionGuid = {85238F7A-A89E-4D0E-9825-DD2785E13E6D}
	EndGlobalSection
EndGlobal
